
Microsoft Visual Studio Solution File, Format Version 12.00
# Visual Studio Version 17
VisualStudioVersion = 17.8.34525.116
MinimumVisualStudioVersion = 10.0.40219.1
Project("{FAE04EC0-301F-11D3-BF4B-00C04F79EFBC}") = "ConsoleApp6", "ConsoleApp6.csproj", "{2F2E54D4-4086-4F1B-8717-A1C9E08DFCEC}"
EndProject
Global
	GlobalSection(SolutionConfigurationPlatforms) = preSolution
		Debug|Any CPU = Debug|Any CPU
		Release|Any CPU = Release|Any CPU
	EndGlobalSection
	GlobalSection(ProjectConfigurationPlatforms) = postSolution
		{2F2E54D4-4086-4F1B-8717-A1C9E08DFCEC}.Debug|Any CPU.ActiveCfg = Debug|Any CPU
		{2F2E54D4-4086-4F1B-8717-A1C9E08DFCEC}.Debug|Any CPU.Build.0 = Debug|Any CPU
		{2F2E54D4-4086-4F1B-8717-A1C9E08DFCEC}.Release|Any CPU.ActiveCfg = Release|Any CPU
		{2F2E54D4-4086-4F1B-8717-A1C9E08DFCEC}.Release|Any CPU.Build.0 = Release|Any CPU
	EndGlobalSection
	GlobalSection(SolutionProperties) = preSolution
		HideSolutionNode = FALSE
	EndGlobalSection
	GlobalSection(ExtensibilityGlobals) = postSolution
		SolutionGuid = {3ABD8FC2-10B7-4DEE-9473-24D5F8F7C9C7}
	EndGlobalSection
EndGlobal
